
Microsoft Visual Studio Solution File, Format Version 12.00
# Visual Studio Version 17
VisualStudioVersion = 17.1.32421.90
MinimumVisualStudioVersion = 10.0.40219.1
Project("{FAE04EC0-301F-11D3-BF4B-00C04F79EFBC}") = "MatlabExecutor.WebAPI", "MatlabExecutor.WebAPI.csproj", "{A8FBF5BD-C6A9-4874-BB4F-E6A0ED0FC94E}"
EndProject
Global
	GlobalSection(SolutionConfigurationPlatforms) = preSolution
		Debug|Any CPU = Debug|Any CPU
		Release|Any CPU = Release|Any CPU
	EndGlobalSection
	GlobalSection(ProjectConfigurationPlatforms) = postSolution
		{A8FBF5BD-C6A9-4874-BB4F-E6A0ED0FC94E}.Debug|Any CPU.ActiveCfg = Debug|Any CPU
		{A8FBF5BD-C6A9-4874-BB4F-E6A0ED0FC94E}.Debug|Any CPU.Build.0 = Debug|Any CPU
		{A8FBF5BD-C6A9-4874-BB4F-E6A0ED0FC94E}.Release|Any CPU.ActiveCfg = Release|Any CPU
		{A8FBF5BD-C6A9-4874-BB4F-E6A0ED0FC94E}.Release|Any CPU.Build.0 = Release|Any CPU
	EndGlobalSection
	GlobalSection(SolutionProperties) = preSolution
		HideSolutionNode = FALSE
	EndGlobalSection
	GlobalSection(ExtensibilityGlobals) = postSolution
		SolutionGuid = {757FA2C4-5496-44B7-AF09-0EF53C6E157E}
	EndGlobalSection
EndGlobal
